
Microsoft Visual Studio Solution File, Format Version 12.00
# Visual Studio Version 17
VisualStudioVersion = 17.9.34607.119
MinimumVisualStudioVersion = 10.0.40219.1
Project("{FAE04EC0-301F-11D3-BF4B-00C04F79EFBC}") = "03_ef_db_first", "03_ef_db_first\03_ef_db_first.csproj", "{CDDE8A82-AE03-496F-ABEE-A901ADA3198B}"
EndProject
Global
	GlobalSection(SolutionConfigurationPlatforms) = preSolution
		Debug|Any CPU = Debug|Any CPU
		Release|Any CPU = Release|Any CPU
	EndGlobalSection
	GlobalSection(ProjectConfigurationPlatforms) = postSolution
		{CDDE8A82-AE03-496F-ABEE-A901ADA3198B}.Debug|Any CPU.ActiveCfg = Debug|Any CPU
		{CDDE8A82-AE03-496F-ABEE-A901ADA3198B}.Debug|Any CPU.Build.0 = Debug|Any CPU
		{CDDE8A82-AE03-496F-ABEE-A901ADA3198B}.Release|Any CPU.ActiveCfg = Release|Any CPU
		{CDDE8A82-AE03-496F-ABEE-A901ADA3198B}.Release|Any CPU.Build.0 = Release|Any CPU
	EndGlobalSection
	GlobalSection(SolutionProperties) = preSolution
		HideSolutionNode = FALSE
	EndGlobalSection
	GlobalSection(ExtensibilityGlobals) = postSolution
		SolutionGuid = {0A4D5EF5-9164-491B-8842-D09018952B04}
	EndGlobalSection
EndGlobal
