
Microsoft Visual Studio Solution File, Format Version 12.00
# Visual Studio Version 17
VisualStudioVersion = 17.9.34607.119
MinimumVisualStudioVersion = 10.0.40219.1
Project("{FAE04EC0-301F-11D3-BF4B-00C04F79EFBC}") = "07_migrations", "07_migrations\07_migrations.csproj", "{87AA555E-50BE-427A-AA60-AAF2789170CF}"
EndProject
Global
	GlobalSection(SolutionConfigurationPlatforms) = preSolution
		Debug|Any CPU = Debug|Any CPU
		Release|Any CPU = Release|Any CPU
	EndGlobalSection
	GlobalSection(ProjectConfigurationPlatforms) = postSolution
		{87AA555E-50BE-427A-AA60-AAF2789170CF}.Debug|Any CPU.ActiveCfg = Debug|Any CPU
		{87AA555E-50BE-427A-AA60-AAF2789170CF}.Debug|Any CPU.Build.0 = Debug|Any CPU
		{87AA555E-50BE-427A-AA60-AAF2789170CF}.Release|Any CPU.ActiveCfg = Release|Any CPU
		{87AA555E-50BE-427A-AA60-AAF2789170CF}.Release|Any CPU.Build.0 = Release|Any CPU
	EndGlobalSection
	GlobalSection(SolutionProperties) = preSolution
		HideSolutionNode = FALSE
	EndGlobalSection
	GlobalSection(ExtensibilityGlobals) = postSolution
		SolutionGuid = {8237D585-644A-4D60-96F2-821C372030D2}
	EndGlobalSection
EndGlobal
